
Microsoft Visual Studio Solution File, Format Version 12.00
# Visual Studio Version 16
VisualStudioVersion = 16.0.30204.135
MinimumVisualStudioVersion = 10.0.40219.1
Project("{9A19103F-16F7-4668-BE54-9A1E7A4F7556}") = "BasicNetworkCommands", "BasicNetworkCommands.csproj", "{5D8B2F4E-E183-4DB1-B316-E71F49CD76DC}"
EndProject
Global
	GlobalSection(SolutionConfigurationPlatforms) = preSolution
		Debug|Any CPU = Debug|Any CPU
		Release|Any CPU = Release|Any CPU
	EndGlobalSection
	GlobalSection(ProjectConfigurationPlatforms) = postSolution
		{5D8B2F4E-E183-4DB1-B316-E71F49CD76DC}.Debug|Any CPU.ActiveCfg = Debug|Any CPU
		{5D8B2F4E-E183-4DB1-B316-E71F49CD76DC}.Debug|Any CPU.Build.0 = Debug|Any CPU
		{5D8B2F4E-E183-4DB1-B316-E71F49CD76DC}.Release|Any CPU.ActiveCfg = Release|Any CPU
		{5D8B2F4E-E183-4DB1-B316-E71F49CD76DC}.Release|Any CPU.Build.0 = Release|Any CPU
	EndGlobalSection
	GlobalSection(SolutionProperties) = preSolution
		HideSolutionNode = FALSE
	EndGlobalSection
	GlobalSection(ExtensibilityGlobals) = postSolution
		SolutionGuid = {6F9CFE22-F40E-4C70-B68B-8A4EEA45222D}
	EndGlobalSection
EndGlobal
